{
  "meteor": {},
  "dependencies": {
    "basePackages": {
      "typescript-compiler": {
        "path": "../.."
      },
      "typescript-libs": {
        "path": "../../../meteor-typescript-libs"
      }
    },
    "packages": {
      "typescript-compiler": {
        "path": "../.."
      },
      "typescript-libs": {
        "path": "../../../meteor-typescript-libs"
      }
    }
  }
}
