{
  "meteor": {},
  "dependencies": {
    "basePackages": {
      "typescript-compiler": {
        "path": "../.."
      },
      "typescript-libs": {}
    },
    "packages": {
      "typescript-compiler": {
        "path": "../.."
      },
      "typescript-libs": {
        "git": "https://github.com/orefalo/meteor-typescript-libs.git",
        "tag": "v0.1.16",
        "commit": "9838eec81baf55ddf038d85c5ccc3172730ef0b0"
      }
    }
  }
}
